github.com/ncruces/go-sqlite3 v0.8.3 h1:z0wk9m8zmuPGbMy/gpuzN+6xcbrh80lScVl7A1EnhUU=
github.com/ncruces/go-sqlite3 v0.8.3/go.mod h1:DUdzKfMlIFmSLAtNHdIgxbdax/5NsQx2RlIlVO7EWfU=
github.com/ncruces/julianday v0.1.5 h1:hDJ9ejiMp3DHsoZ5KW4c1lwfMjbARS7u/gbYcd0FBZk=
github.com/ncruces/julianday v0.1.5/go.mod h1:Dusn2KvZrrovOMJuOt0TNXL6tB7U2E8kvza5fFc9G7g=
github.com/psanford/httpreadat v0.1.0 h1:VleW1HS2zO7/4c7c7zNl33fO6oYACSagjJIyMIwZLUE=
github.com/spf13/pflag v1.0.5 h1:iy+VFUOCP1a+8yFto/drg2CJ5u0yRoB7fZw3DKv/JXA=
github.com/spf13/pflag v1.0.5/go.mod h1:McXfInJRrz4CZXVZOBLb0bTZqETkiAhM9Iw0y3An2Bg=
github.com/tetratelabs/wazero v1.3.1 h1:rnb9FgOEQRLLR8tgoD1mfjNjMhFeWRUk+a4b4j/GpUM=
github.com/tetratelabs/wazero v1.3.1/go.mod h1:wYx2gNRg8/WihJfSDxA1TIL8H+GkfLYm+bIfbblu9VQ=
golang.org/x/sys v0.10.0 h1:SqMFp9UcQJZa+pmYuAKjd9xq1f0j5rLcDIk0mj4qAsA=
golang.org/x/sys v0.10.0/go.mod h1:oPkhp1MJrh7nUepCBck5+mAzfO9JrbApNNgaTdGDITg=
golang.org/x/text v0.11.0 h1:LAntKIrcmeSKERyiOh0XMV39LXS8IE9UL2yP7+f5ij4=
